
Microsoft Visual Studio Solution File, Format Version 12.00
# Visual Studio 15
VisualStudioVersion = 15.0.26730.16
MinimumVisualStudioVersion = 10.0.40219.1
Project("{FAE04EC0-301F-11D3-BF4B-00C04F79EFBC}") = "LanChatServer", "LanChatServer\LanChatServer.csproj", "{150403AE-26DE-4FDA-AADC-2DB5EED30B8D}"
EndProject
Project("{FAE04EC0-301F-11D3-BF4B-00C04F79EFBC}") = "LanChatClient", "LanChatClient\LanChatClient.csproj", "{EBA7C458-3884-4947-8329-EFD92332E4B8}"
EndProject
Global
	GlobalSection(SolutionConfigurationPlatforms) = preSolution
		Debug|Any CPU = Debug|Any CPU
		Release|Any CPU = Release|Any CPU
	EndGlobalSection
	GlobalSection(ProjectConfigurationPlatforms) = postSolution
		{150403AE-26DE-4FDA-AADC-2DB5EED30B8D}.Debug|Any CPU.ActiveCfg = Debug|Any CPU
		{150403AE-26DE-4FDA-AADC-2DB5EED30B8D}.Debug|Any CPU.Build.0 = Debug|Any CPU
		{150403AE-26DE-4FDA-AADC-2DB5EED30B8D}.Release|Any CPU.ActiveCfg = Release|Any CPU
		{150403AE-26DE-4FDA-AADC-2DB5EED30B8D}.Release|Any CPU.Build.0 = Release|Any CPU
		{EBA7C458-3884-4947-8329-EFD92332E4B8}.Debug|Any CPU.ActiveCfg = Debug|Any CPU
		{EBA7C458-3884-4947-8329-EFD92332E4B8}.Debug|Any CPU.Build.0 = Debug|Any CPU
		{EBA7C458-3884-4947-8329-EFD92332E4B8}.Release|Any CPU.ActiveCfg = Release|Any CPU
		{EBA7C458-3884-4947-8329-EFD92332E4B8}.Release|Any CPU.Build.0 = Release|Any CPU
	EndGlobalSection
	GlobalSection(SolutionProperties) = preSolution
		HideSolutionNode = FALSE
	EndGlobalSection
	GlobalSection(ExtensibilityGlobals) = postSolution
		SolutionGuid = {6FF58D9C-9562-4DF1-A0D4-12DC52484238}
	EndGlobalSection
EndGlobal
